
Microsoft Visual Studio Solution File, Format Version 12.00
# Visual Studio 15
VisualStudioVersion = 15.0.27703.2026
MinimumVisualStudioVersion = 10.0.40219.1
Project("{FAE04EC0-301F-11D3-BF4B-00C04F79EFBC}") = "Contracts", "Contracts\Contracts.csproj", "{889A04E4-3169-4A14-856A-B9D32B082508}"
EndProject
Project("{FAE04EC0-301F-11D3-BF4B-00C04F79EFBC}") = "Services", "Services\Services.csproj", "{0D000E2F-7D29-453F-BBC5-E68D9986BCC9}"
EndProject
Project("{FAE04EC0-301F-11D3-BF4B-00C04F79EFBC}") = "Hosting", "Hosting\Hosting.csproj", "{36F45105-CAB3-4A0B-84FA-E1561FBDEA3F}"
EndProject
Project("{FAE04EC0-301F-11D3-BF4B-00C04F79EFBC}") = "Clients", "Clients\Clients.csproj", "{CDE04198-2DBE-44AD-89FC-360C17072984}"
EndProject
Global
	GlobalSection(SolutionConfigurationPlatforms) = preSolution
		Debug|Any CPU = Debug|Any CPU
		Release|Any CPU = Release|Any CPU
	EndGlobalSection
	GlobalSection(ProjectConfigurationPlatforms) = postSolution
		{889A04E4-3169-4A14-856A-B9D32B082508}.Debug|Any CPU.ActiveCfg = Debug|Any CPU
		{889A04E4-3169-4A14-856A-B9D32B082508}.Debug|Any CPU.Build.0 = Debug|Any CPU
		{889A04E4-3169-4A14-856A-B9D32B082508}.Release|Any CPU.ActiveCfg = Release|Any CPU
		{889A04E4-3169-4A14-856A-B9D32B082508}.Release|Any CPU.Build.0 = Release|Any CPU
		{0D000E2F-7D29-453F-BBC5-E68D9986BCC9}.Debug|Any CPU.ActiveCfg = Debug|Any CPU
		{0D000E2F-7D29-453F-BBC5-E68D9986BCC9}.Debug|Any CPU.Build.0 = Debug|Any CPU
		{0D000E2F-7D29-453F-BBC5-E68D9986BCC9}.Release|Any CPU.ActiveCfg = Release|Any CPU
		{0D000E2F-7D29-453F-BBC5-E68D9986BCC9}.Release|Any CPU.Build.0 = Release|Any CPU
		{36F45105-CAB3-4A0B-84FA-E1561FBDEA3F}.Debug|Any CPU.ActiveCfg = Debug|Any CPU
		{36F45105-CAB3-4A0B-84FA-E1561FBDEA3F}.Debug|Any CPU.Build.0 = Debug|Any CPU
		{36F45105-CAB3-4A0B-84FA-E1561FBDEA3F}.Release|Any CPU.ActiveCfg = Release|Any CPU
		{36F45105-CAB3-4A0B-84FA-E1561FBDEA3F}.Release|Any CPU.Build.0 = Release|Any CPU
		{CDE04198-2DBE-44AD-89FC-360C17072984}.Debug|Any CPU.ActiveCfg = Debug|Any CPU
		{CDE04198-2DBE-44AD-89FC-360C17072984}.Debug|Any CPU.Build.0 = Debug|Any CPU
		{CDE04198-2DBE-44AD-89FC-360C17072984}.Release|Any CPU.ActiveCfg = Release|Any CPU
		{CDE04198-2DBE-44AD-89FC-360C17072984}.Release|Any CPU.Build.0 = Release|Any CPU
	EndGlobalSection
	GlobalSection(SolutionProperties) = preSolution
		HideSolutionNode = FALSE
	EndGlobalSection
	GlobalSection(ExtensibilityGlobals) = postSolution
		SolutionGuid = {4E1517F9-EC4E-480C-897C-63952D85121E}
	EndGlobalSection
EndGlobal
